
Microsoft Visual Studio Solution File, Format Version 12.00
# Visual Studio Version 17
VisualStudioVersion = 17.5.33530.505
MinimumVisualStudioVersion = 10.0.40219.1
Project("{9A19103F-16F7-4668-BE54-9A1E7A4F7556}") = "ShopWeb", "ShopWeb.csproj", "{EA06609E-F0FD-4F91-AEEB-265A5BC1C4A6}"
EndProject
Project("{FAE04EC0-301F-11D3-BF4B-00C04F79EFBC}") = "Shop.Models", "..\Shop.Models\Shop.Models.csproj", "{A35E200F-5418-456A-AC7D-C11DAD909219}"
EndProject
Project("{FAE04EC0-301F-11D3-BF4B-00C04F79EFBC}") = "Shop.Utility", "..\Shop.Utility\Shop.Utility.csproj", "{12A6AF11-23AB-41A9-B37F-157A89D95BF9}"
EndProject
Project("{FAE04EC0-301F-11D3-BF4B-00C04F79EFBC}") = "Shop.DataAccess", "..\Shop.DataAccess\Shop.DataAccess.csproj", "{44C689A7-B19C-423D-92BD-6FB2C4B222E2}"
EndProject
Global
	GlobalSection(SolutionConfigurationPlatforms) = preSolution
		Debug|Any CPU = Debug|Any CPU
		Release|Any CPU = Release|Any CPU
	EndGlobalSection
	GlobalSection(ProjectConfigurationPlatforms) = postSolution
		{EA06609E-F0FD-4F91-AEEB-265A5BC1C4A6}.Debug|Any CPU.ActiveCfg = Debug|Any CPU
		{EA06609E-F0FD-4F91-AEEB-265A5BC1C4A6}.Debug|Any CPU.Build.0 = Debug|Any CPU
		{EA06609E-F0FD-4F91-AEEB-265A5BC1C4A6}.Release|Any CPU.ActiveCfg = Release|Any CPU
		{EA06609E-F0FD-4F91-AEEB-265A5BC1C4A6}.Release|Any CPU.Build.0 = Release|Any CPU
		{A35E200F-5418-456A-AC7D-C11DAD909219}.Debug|Any CPU.ActiveCfg = Debug|Any CPU
		{A35E200F-5418-456A-AC7D-C11DAD909219}.Debug|Any CPU.Build.0 = Debug|Any CPU
		{A35E200F-5418-456A-AC7D-C11DAD909219}.Release|Any CPU.ActiveCfg = Release|Any CPU
		{A35E200F-5418-456A-AC7D-C11DAD909219}.Release|Any CPU.Build.0 = Release|Any CPU
		{12A6AF11-23AB-41A9-B37F-157A89D95BF9}.Debug|Any CPU.ActiveCfg = Debug|Any CPU
		{12A6AF11-23AB-41A9-B37F-157A89D95BF9}.Debug|Any CPU.Build.0 = Debug|Any CPU
		{12A6AF11-23AB-41A9-B37F-157A89D95BF9}.Release|Any CPU.ActiveCfg = Release|Any CPU
		{12A6AF11-23AB-41A9-B37F-157A89D95BF9}.Release|Any CPU.Build.0 = Release|Any CPU
		{44C689A7-B19C-423D-92BD-6FB2C4B222E2}.Debug|Any CPU.ActiveCfg = Debug|Any CPU
		{44C689A7-B19C-423D-92BD-6FB2C4B222E2}.Debug|Any CPU.Build.0 = Debug|Any CPU
		{44C689A7-B19C-423D-92BD-6FB2C4B222E2}.Release|Any CPU.ActiveCfg = Release|Any CPU
		{44C689A7-B19C-423D-92BD-6FB2C4B222E2}.Release|Any CPU.Build.0 = Release|Any CPU
	EndGlobalSection
	GlobalSection(SolutionProperties) = preSolution
		HideSolutionNode = FALSE
	EndGlobalSection
	GlobalSection(ExtensibilityGlobals) = postSolution
		SolutionGuid = {C666B64F-D5E9-4A72-AEBC-24A80877FBA8}
	EndGlobalSection
EndGlobal
